{
    "_meta": {
        "hash": {
            "sha256": "8edf090ae8052750abd87c7dc20e11da764db09add2d689a1335b4c4ab8fd431"
        },
        "pipfile-spec": 6,
        "requires": {
            "python_version": "3.7"
        },
        "sources": [
            {
                "name": "pypi",
                "url": "https://pypi.org/simple",
                "verify_ssl": true
            }
        ]
    },
    "default": {
        "certifi": {
            "hashes": [
                "sha256:59b7658e26ca9c7339e00f8f4636cdfe59d34fa37b9b04f6f9e9926b3cece1a5",
                "sha256:b26104d6835d1f5e49452a26eb2ff87fe7090b89dfcaee5ea2212697e1e1d7ae"
            ],
            "version": "==2019.3.9"
        },
        "chardet": {
            "hashes": [
                "sha256:84ab92ed1c4d4f16916e05906b6b75a6c0fb5db821cc65e70cbd64a3e2a5eaae",
                "sha256:fc323ffcaeaed0e0a02bf4d117757b98aed530d9ed4531e3e15460124c106691"
            ],
            "version": "==3.0.4"
        },
        "idna": {
            "hashes": [
                "sha256:c357b3f628cf53ae2c4c05627ecc484553142ca23264e593d327bcde5e9c3407",
                "sha256:ea8b7f6188e6fa117537c3df7da9fc686d485087abf6ac197f9c46432f7e4a3c"
            ],
            "version": "==2.8"
        },
        "pytz": {
            "hashes": [
                "sha256:303879e36b721603cc54604edcac9d20401bdbe31e1e4fdee5b9f98d5d31dfda",
                "sha256:d747dd3d23d77ef44c6a3526e274af6efeb0a6f1afd5a69ba4d5be4098c8e141"
            ],
            "index": "pypi",
            "version": "==2019.1"
        },
        "requests": {
            "hashes": [
                "sha256:11e007a8a2aa0323f5a921e9e6a2d7e4e67d9877e85773fba9ba6419025cbeb4",
                "sha256:9cf5292fcd0f598c671cfc1e0d7d1a7f13bb8085e9a590f48c010551dc6c4b31"
            ],
            "index": "pypi",
            "version": "==2.22.0"
        },
        "urllib3": {
            "hashes": [
                "sha256:a53063d8b9210a7bdec15e7b272776b9d42b2fd6816401a0d43006ad2f9902db",
                "sha256:d363e3607d8de0c220d31950a8f38b18d5ba7c0830facd71a1c6b1036b7ce06c"
            ],
            "version": "==1.25.2"
        }
    },
    "develop": {
        "atomicwrites": {
            "hashes": [
                "sha256:03472c30eb2c5d1ba9227e4c2ca66ab8287fbfbbda3888aa93dc2e28fc6811b4",
                "sha256:75a9445bac02d8d058d5e1fe689654ba5a6556a1dfd8ce6ec55a0ed79866cfa6"
            ],
            "version": "==1.3.0"
        },
        "attrs": {
            "hashes": [
                "sha256:69c0dbf2ed392de1cb5ec704444b08a5ef81680a61cb899dc08127123af36a79",
                "sha256:f0b870f674851ecbfbbbd364d6b5cbdff9dcedbc7f3f5e18a6891057f21fe399"
            ],
            "version": "==19.1.0"
        },
        "certifi": {
            "hashes": [
                "sha256:59b7658e26ca9c7339e00f8f4636cdfe59d34fa37b9b04f6f9e9926b3cece1a5",
                "sha256:b26104d6835d1f5e49452a26eb2ff87fe7090b89dfcaee5ea2212697e1e1d7ae"
            ],
            "version": "==2019.3.9"
        },
        "chardet": {
            "hashes": [
                "sha256:84ab92ed1c4d4f16916e05906b6b75a6c0fb5db821cc65e70cbd64a3e2a5eaae",
                "sha256:fc323ffcaeaed0e0a02bf4d117757b98aed530d9ed4531e3e15460124c106691"
            ],
            "version": "==3.0.4"
        },
        "codecov": {
            "hashes": [
                "sha256:8ed8b7c6791010d359baed66f84f061bba5bd41174bf324c31311e8737602788",
                "sha256:ae00d68e18d8a20e9c3288ba3875ae03db3a8e892115bf9b83ef20507732bed4"
            ],
            "index": "pypi",
            "version": "==2.0.15"
        },
        "coverage": {
            "hashes": [
                "sha256:00c8544510f3c98476bbd58201ac2b150ffbcce46a8c3e4fb89ebf01998f806a",
                "sha256:016d7f5cf1c8c84f533a3c1f8f36126fbe00b2ec0ccca47cc5731c3723d327c6",
                "sha256:03014a74023abaf5a591eeeaf1ac66a73d54eba178ff4cb1fa0c0a44aae70383",
                "sha256:033ebec282793bd9eb988d0271c211e58442c31077976c19c442e24d827d356f",
                "sha256:21e6686a95025927775ac501e74f5940cdf6fe052292f3a3f7349b0abae6d00f",
                "sha256:26f8f92699756cb7af2b30720de0c5bb8d028e923a95b6d0c891088025a1ac8f",
                "sha256:2e76bd16f0e31bc2b07e0fb1379551fcd40daf8cdf7e24f31a29e442878a827c",
                "sha256:341e9c2008c481c5c72d0e0dbf64980a4b2238631a7f9780b0fe2e95755fb018",
                "sha256:3cfd07c5889ddb96a401449109a8b97a165be9d67077df6802f59708bfb07720",
                "sha256:4002f9e8c1f286e986fe96ec58742b93484195defc01d5cc7809b8f7acb5ece3",
                "sha256:50ed480b798febce113709846b11f5d5ed1e529c88d8ae92f707806c50297abf",
                "sha256:543e172ce4c0de533fa892034cce260467b213c0ea8e39da2f65f9a477425211",
                "sha256:5a78cf2c43b13aa6b56003707c5203f28585944c277c1f3f109c7b041b16bd39",
                "sha256:5cd698341626f3c77784858427bad0cdd54a713115b423d22ac83a28303d1d95",
                "sha256:60c2147921da7f4d2d04f570e1838db32b95c5509d248f3fe6417e91437eaf41",
                "sha256:62d382f7d77eeeaff14b30516b17bcbe80f645f5cf02bb755baac376591c653c",
                "sha256:69432946f154c6add0e9ede03cc43b96e2ef2733110a77444823c053b1ff5166",
                "sha256:727dafd7f67a6e1cad808dc884bd9c5a2f6ef1f8f6d2f22b37b96cb0080d4f49",
                "sha256:742fb8b43835078dd7496c3c25a1ec8d15351df49fb0037bffb4754291ef30ce",
                "sha256:750e13834b597eeb8ae6e72aa58d1d831b96beec5ad1d04479ae3772373a8088",
                "sha256:7b546cf2b1974ddc2cb222a109b37c6ed1778b9be7e6b0c0bc0cf0438d9e45a6",
                "sha256:83bd142cdec5e4a5c4ca1d4ff6fa807d28460f9db919f9f6a31babaaa8b88426",
                "sha256:8d2e80dd3438e93b19e1223a9850fa65425e77f2607a364b6fd134fcd52dc9df",
                "sha256:9229d074e097f21dfe0643d9d0140ee7433814b3f0fc3706b4abffd1e3038632",
                "sha256:968ed5407f9460bd5a591cefd1388cc00a8f5099de9e76234655ae48cfdbe2c3",
                "sha256:9c82f2cd69c71698152e943f4a5a6b83a3ab1db73b88f6e769fabc86074c3b08",
                "sha256:a00441f5ea4504f5abbc047589d09e0dc33eb447dc45a1a527c8b74bfdd32c65",
                "sha256:a022394996419142b33a0cf7274cb444c01d2bb123727c4bb0b9acabcb515dea",
                "sha256:af5b9ee0fc146e907aa0f5fb858c3b3da9199d78b7bb2c9973d95550bd40f701",
                "sha256:b5578efe4038be02d76c344007b13119b2b20acd009a88dde8adec2de4f630b5",
                "sha256:b84ab65444dcc68d761e95d4d70f3cfd347ceca5a029f2ffec37d4f124f61311",
                "sha256:c53ad261dfc8695062fc8811ac7c162bd6096a05a19f26097f411bdf5747aee7",
                "sha256:cc173f1ce9ffb16b299f51c9ce53f66a62f4d975abe5640e976904066f3c835d",
                "sha256:d548edacbf16a8276af13063a2b0669d58bbcfca7c55a255f84aac2870786a61",
                "sha256:d55fae115ef9f67934e9f1103c9ba826b4c690e4c5bcf94482b8b2398311bf9c",
                "sha256:d8099ea680201c2221f8468c372198ceba9338a5fec0e940111962b03b3f716a",
                "sha256:e35217031e4b534b09f9b9a5841b9344a30a6357627761d4218818b865d45055",
                "sha256:e4f52c272fdc82e7c65ff3f17a7179bc5f710ebc8ce8a5cadac81215e8326740",
                "sha256:e637ae0b7b481905358624ef2e81d7fb0b1af55f5ff99f9ba05442a444b11e45",
                "sha256:eef5292b60b6de753d6e7f2d128d5841c7915fb1e3321c3a1fe6acfe76c38052",
                "sha256:fb45fe08e1abc64eb836d187b20a59172053999823f7f6ef4f18a819c44ba16f"
            ],
            "version": "==6.4"
        },
        "entrypoints": {
            "hashes": [
                "sha256:589f874b313739ad35be6e0cd7efde2a4e9b6fea91edcc34e58ecbb8dbe56d19",
                "sha256:c70dd71abe5a8c85e55e12c19bd91ccfeec11a6e99044204511f9ed547d48451"
            ],
            "version": "==0.3"
        },
        "flake8": {
            "hashes": [
                "sha256:859996073f341f2670741b51ec1e67a01da142831aa1fdc6242dbf88dffbe661",
                "sha256:a796a115208f5c03b18f332f7c11729812c8c3ded6c46319c59b53efd3819da8"
            ],
            "index": "pypi",
            "version": "==3.7.7"
        },
        "idna": {
            "hashes": [
                "sha256:c357b3f628cf53ae2c4c05627ecc484553142ca23264e593d327bcde5e9c3407",
                "sha256:ea8b7f6188e6fa117537c3df7da9fc686d485087abf6ac197f9c46432f7e4a3c"
            ],
            "version": "==2.8"
        },
        "mccabe": {
            "hashes": [
                "sha256:ab8a6258860da4b6677da4bd2fe5dc2c659cff31b3ee4f7f5d64e79735b80d42",
                "sha256:dd8d182285a0fe56bace7f45b5e7d1a6ebcbf524e8f3bd87eb0f125271b8831f"
            ],
            "version": "==0.6.1"
        },
        "more-itertools": {
            "hashes": [
                "sha256:2112d2ca570bb7c3e53ea1a35cd5df42bb0fd10c45f0fb97178679c3c03d64c7",
                "sha256:c3e4748ba1aad8dba30a4886b0b1a2004f9a863837b8654e7059eebf727afa5a"
            ],
            "markers": "python_version > '2.7'",
            "version": "==7.0.0"
        },
        "pluggy": {
            "hashes": [
                "sha256:25a1bc1d148c9a640211872b4ff859878d422bccb59c9965e04eed468a0aa180",
                "sha256:964cedd2b27c492fbf0b7f58b3284a09cf7f99b0f715941fb24a439b3af1bd1a"
            ],
            "version": "==0.11.0"
        },
        "py": {
            "hashes": [
                "sha256:64f65755aee5b381cea27766a3a147c3f15b9b6b9ac88676de66ba2ae36793fa",
                "sha256:dc639b046a6e2cff5bbe40194ad65936d6ba360b52b3c3fe1d08a82dd50b5e53"
            ],
            "version": "==1.8.0"
        },
        "pycodestyle": {
            "hashes": [
                "sha256:95a2219d12372f05704562a14ec30bc76b05a5b297b21a5dfe3f6fac3491ae56",
                "sha256:e40a936c9a450ad81df37f549d676d127b1b66000a6c500caa2b085bc0ca976c"
            ],
            "version": "==2.5.0"
        },
        "pyflakes": {
            "hashes": [
                "sha256:17dbeb2e3f4d772725c777fabc446d5634d1038f234e77343108ce445ea69ce0",
                "sha256:d976835886f8c5b31d47970ed689944a0262b5f3afa00a5a7b4dc81e5449f8a2"
            ],
            "version": "==2.1.1"
        },
        "pytest": {
            "hashes": [
                "sha256:1a8aa4fa958f8f451ac5441f3ac130d9fc86ea38780dd2715e6d5c5882700b24",
                "sha256:b8bf138592384bd4e87338cb0f256bf5f615398a649d4bd83915f0e4047a5ca6"
            ],
            "index": "pypi",
            "version": "==4.5.0"
        },
        "pytest-cov": {
            "hashes": [
                "sha256:2b097cde81a302e1047331b48cadacf23577e431b61e9c6f49a1170bbe3d3da6",
                "sha256:e00ea4fdde970725482f1f35630d12f074e121a23801aabf2ae154ec6bdd343a"
            ],
            "index": "pypi",
            "version": "==2.7.1"
        },
        "requests": {
            "hashes": [
                "sha256:11e007a8a2aa0323f5a921e9e6a2d7e4e67d9877e85773fba9ba6419025cbeb4",
                "sha256:9cf5292fcd0f598c671cfc1e0d7d1a7f13bb8085e9a590f48c010551dc6c4b31"
            ],
            "index": "pypi",
            "version": "==2.22.0"
        },
        "responses": {
            "hashes": [
                "sha256:502d9c0c8008439cfcdef7e251f507fcfdd503b56e8c0c87c3c3e3393953f790",
                "sha256:97193c0183d63fba8cd3a041c75464e4b09ea0aff6328800d1546598567dde0b"
            ],
            "index": "pypi",
            "version": "==0.10.6"
        },
        "six": {
            "hashes": [
                "sha256:3350809f0555b11f552448330d0b52d5f24c91a322ea4a15ef22629740f3761c",
                "sha256:d16a0141ec1a18405cd4ce8b4613101da75da0e9a7aec5bdd4fa804d0e0eba73"
            ],
            "version": "==1.12.0"
        },
        "urllib3": {
            "hashes": [
                "sha256:a53063d8b9210a7bdec15e7b272776b9d42b2fd6816401a0d43006ad2f9902db",
                "sha256:d363e3607d8de0c220d31950a8f38b18d5ba7c0830facd71a1c6b1036b7ce06c"
            ],
            "version": "==1.25.2"
        },
        "wcwidth": {
            "hashes": [
                "sha256:3df37372226d6e63e1b1e1eda15c594bca98a22d33a23832a90998faa96bc65e",
                "sha256:f4ebe71925af7b40a864553f761ed559b43544f8f71746c2d756c7fe788ade7c"
            ],
            "version": "==0.1.7"
        }
    }
}
